
Microsoft Visual Studio Solution File, Format Version 12.00
# Visual Studio Version 16
VisualStudioVersion = 16.0.31624.102
MinimumVisualStudioVersion = 10.0.40219.1
Project("{FAE04EC0-301F-11D3-BF4B-00C04F79EFBC}") = "S9NCORE_DPA_EF.API", "S9NCORE_DPA_EF.API\S9NCORE_DPA_EF.API.csproj", "{5BE501EE-2C25-465C-ABB2-12964D0FD91C}"
EndProject
Global
	GlobalSection(SolutionConfigurationPlatforms) = preSolution
		Debug|Any CPU = Debug|Any CPU
		Release|Any CPU = Release|Any CPU
	EndGlobalSection
	GlobalSection(ProjectConfigurationPlatforms) = postSolution
		{5BE501EE-2C25-465C-ABB2-12964D0FD91C}.Debug|Any CPU.ActiveCfg = Debug|Any CPU
		{5BE501EE-2C25-465C-ABB2-12964D0FD91C}.Debug|Any CPU.Build.0 = Debug|Any CPU
		{5BE501EE-2C25-465C-ABB2-12964D0FD91C}.Release|Any CPU.ActiveCfg = Release|Any CPU
		{5BE501EE-2C25-465C-ABB2-12964D0FD91C}.Release|Any CPU.Build.0 = Release|Any CPU
	EndGlobalSection
	GlobalSection(SolutionProperties) = preSolution
		HideSolutionNode = FALSE
	EndGlobalSection
	GlobalSection(ExtensibilityGlobals) = postSolution
		SolutionGuid = {34354C18-FD7C-4C23-8AA4-4EB121A9CB0D}
	EndGlobalSection
EndGlobal
